
Microsoft Visual Studio Solution File, Format Version 12.00
# Visual Studio 14
VisualStudioVersion = 14.0.22609.0
MinimumVisualStudioVersion = 10.0.40219.1
Project("{8BC9CEB8-8B4A-11D0-8D11-00A0C91BC942}") = "xll", "xll.vcxproj", "{8B15C18C-4C25-476C-ABBD-88BE05C35A3E}"
EndProject
Project("{8BC9CEB8-8B4A-11D0-8D11-00A0C91BC942}") = "test", "test\test.vcxproj", "{B030BACF-7B48-4259-9036-E1EF32003588}"
	ProjectSection(ProjectDependencies) = postProject
		{8B15C18C-4C25-476C-ABBD-88BE05C35A3E} = {8B15C18C-4C25-476C-ABBD-88BE05C35A3E}
	EndProjectSection
EndProject
Project("{8BC9CEB8-8B4A-11D0-8D11-00A0C91BC942}") = "simple", "simple\simple.vcxproj", "{F56A87D0-A6F3-4449-A7AD-345486C0B3BF}"
EndProject
Project("{FAE04EC0-301F-11D3-BF4B-00C04F79EFBC}") = "ribbon", "ribbon\ribbon.csproj", "{104B03CC-2E73-4F96-9190-CD06B510BFBF}"
EndProject
Project("{8BC9CEB8-8B4A-11D0-8D11-00A0C91BC942}") = "server", "socket\server\server.vcxproj", "{436E0162-32CA-45BB-9BC5-EE499F28E151}"
EndProject
Global
	GlobalSection(SolutionConfigurationPlatforms) = preSolution
		Debug|Any CPU = Debug|Any CPU
		Debug|ARM = Debug|ARM
		Debug|Mixed Platforms = Debug|Mixed Platforms
		Debug|Win32 = Debug|Win32
		Debug|x64 = Debug|x64
		Debug|x86 = Debug|x86
		Release|Any CPU = Release|Any CPU
		Release|ARM = Release|ARM
		Release|Mixed Platforms = Release|Mixed Platforms
		Release|Win32 = Release|Win32
		Release|x64 = Release|x64
		Release|x86 = Release|x86
	EndGlobalSection
	GlobalSection(ProjectConfigurationPlatforms) = postSolution
		{8B15C18C-4C25-476C-ABBD-88BE05C35A3E}.Debug|Any CPU.ActiveCfg = Debug|Win32
		{8B15C18C-4C25-476C-ABBD-88BE05C35A3E}.Debug|ARM.ActiveCfg = Debug|Win32
		{8B15C18C-4C25-476C-ABBD-88BE05C35A3E}.Debug|Mixed Platforms.ActiveCfg = Debug|Win32
		{8B15C18C-4C25-476C-ABBD-88BE05C35A3E}.Debug|Mixed Platforms.Build.0 = Debug|Win32
		{8B15C18C-4C25-476C-ABBD-88BE05C35A3E}.Debug|Win32.ActiveCfg = Debug|Win32
		{8B15C18C-4C25-476C-ABBD-88BE05C35A3E}.Debug|Win32.Build.0 = Debug|Win32
		{8B15C18C-4C25-476C-ABBD-88BE05C35A3E}.Debug|x64.ActiveCfg = Debug|x64
		{8B15C18C-4C25-476C-ABBD-88BE05C35A3E}.Debug|x64.Build.0 = Debug|x64
		{8B15C18C-4C25-476C-ABBD-88BE05C35A3E}.Debug|x86.ActiveCfg = Debug|Win32
		{8B15C18C-4C25-476C-ABBD-88BE05C35A3E}.Debug|x86.Build.0 = Debug|Win32
		{8B15C18C-4C25-476C-ABBD-88BE05C35A3E}.Release|Any CPU.ActiveCfg = Release|Win32
		{8B15C18C-4C25-476C-ABBD-88BE05C35A3E}.Release|ARM.ActiveCfg = Release|Win32
		{8B15C18C-4C25-476C-ABBD-88BE05C35A3E}.Release|Mixed Platforms.ActiveCfg = Release|Win32
		{8B15C18C-4C25-476C-ABBD-88BE05C35A3E}.Release|Mixed Platforms.Build.0 = Release|Win32
		{8B15C18C-4C25-476C-ABBD-88BE05C35A3E}.Release|Win32.ActiveCfg = Debug|Win32
		{8B15C18C-4C25-476C-ABBD-88BE05C35A3E}.Release|Win32.Build.0 = Debug|Win32
		{8B15C18C-4C25-476C-ABBD-88BE05C35A3E}.Release|x64.ActiveCfg = Release|x64
		{8B15C18C-4C25-476C-ABBD-88BE05C35A3E}.Release|x64.Build.0 = Release|x64
		{8B15C18C-4C25-476C-ABBD-88BE05C35A3E}.Release|x86.ActiveCfg = Release|Win32
		{8B15C18C-4C25-476C-ABBD-88BE05C35A3E}.Release|x86.Build.0 = Release|Win32
		{B030BACF-7B48-4259-9036-E1EF32003588}.Debug|Any CPU.ActiveCfg = Debug|Win32
		{B030BACF-7B48-4259-9036-E1EF32003588}.Debug|ARM.ActiveCfg = Debug|Win32
		{B030BACF-7B48-4259-9036-E1EF32003588}.Debug|Mixed Platforms.ActiveCfg = Debug|Win32
		{B030BACF-7B48-4259-9036-E1EF32003588}.Debug|Mixed Platforms.Build.0 = Debug|Win32
		{B030BACF-7B48-4259-9036-E1EF32003588}.Debug|Win32.ActiveCfg = Debug|Win32
		{B030BACF-7B48-4259-9036-E1EF32003588}.Debug|Win32.Build.0 = Debug|Win32
		{B030BACF-7B48-4259-9036-E1EF32003588}.Debug|x64.ActiveCfg = Debug|x64
		{B030BACF-7B48-4259-9036-E1EF32003588}.Debug|x64.Build.0 = Debug|x64
		{B030BACF-7B48-4259-9036-E1EF32003588}.Debug|x86.ActiveCfg = Debug|Win32
		{B030BACF-7B48-4259-9036-E1EF32003588}.Debug|x86.Build.0 = Debug|Win32
		{B030BACF-7B48-4259-9036-E1EF32003588}.Release|Any CPU.ActiveCfg = Release|Win32
		{B030BACF-7B48-4259-9036-E1EF32003588}.Release|ARM.ActiveCfg = Release|Win32
		{B030BACF-7B48-4259-9036-E1EF32003588}.Release|Mixed Platforms.ActiveCfg = Release|Win32
		{B030BACF-7B48-4259-9036-E1EF32003588}.Release|Mixed Platforms.Build.0 = Release|Win32
		{B030BACF-7B48-4259-9036-E1EF32003588}.Release|Win32.ActiveCfg = Debug|Win32
		{B030BACF-7B48-4259-9036-E1EF32003588}.Release|Win32.Build.0 = Debug|Win32
		{B030BACF-7B48-4259-9036-E1EF32003588}.Release|x64.ActiveCfg = Release|x64
		{B030BACF-7B48-4259-9036-E1EF32003588}.Release|x64.Build.0 = Release|x64
		{B030BACF-7B48-4259-9036-E1EF32003588}.Release|x86.ActiveCfg = Release|Win32
		{B030BACF-7B48-4259-9036-E1EF32003588}.Release|x86.Build.0 = Release|Win32
		{F56A87D0-A6F3-4449-A7AD-345486C0B3BF}.Debug|Any CPU.ActiveCfg = Debug|Win32
		{F56A87D0-A6F3-4449-A7AD-345486C0B3BF}.Debug|ARM.ActiveCfg = Debug|Win32
		{F56A87D0-A6F3-4449-A7AD-345486C0B3BF}.Debug|Mixed Platforms.ActiveCfg = Debug|Win32
		{F56A87D0-A6F3-4449-A7AD-345486C0B3BF}.Debug|Mixed Platforms.Build.0 = Debug|Win32
		{F56A87D0-A6F3-4449-A7AD-345486C0B3BF}.Debug|Win32.ActiveCfg = Debug|Win32
		{F56A87D0-A6F3-4449-A7AD-345486C0B3BF}.Debug|Win32.Build.0 = Debug|Win32
		{F56A87D0-A6F3-4449-A7AD-345486C0B3BF}.Debug|x64.ActiveCfg = Debug|x64
		{F56A87D0-A6F3-4449-A7AD-345486C0B3BF}.Debug|x64.Build.0 = Debug|x64
		{F56A87D0-A6F3-4449-A7AD-345486C0B3BF}.Debug|x86.ActiveCfg = Debug|Win32
		{F56A87D0-A6F3-4449-A7AD-345486C0B3BF}.Debug|x86.Build.0 = Debug|Win32
		{F56A87D0-A6F3-4449-A7AD-345486C0B3BF}.Release|Any CPU.ActiveCfg = Release|Win32
		{F56A87D0-A6F3-4449-A7AD-345486C0B3BF}.Release|ARM.ActiveCfg = Release|Win32
		{F56A87D0-A6F3-4449-A7AD-345486C0B3BF}.Release|Mixed Platforms.ActiveCfg = Release|Win32
		{F56A87D0-A6F3-4449-A7AD-345486C0B3BF}.Release|Mixed Platforms.Build.0 = Release|Win32
		{F56A87D0-A6F3-4449-A7AD-345486C0B3BF}.Release|Win32.ActiveCfg = Release|Win32
		{F56A87D0-A6F3-4449-A7AD-345486C0B3BF}.Release|Win32.Build.0 = Release|Win32
		{F56A87D0-A6F3-4449-A7AD-345486C0B3BF}.Release|x64.ActiveCfg = Release|x64
		{F56A87D0-A6F3-4449-A7AD-345486C0B3BF}.Release|x64.Build.0 = Release|x64
		{F56A87D0-A6F3-4449-A7AD-345486C0B3BF}.Release|x86.ActiveCfg = Release|Win32
		{F56A87D0-A6F3-4449-A7AD-345486C0B3BF}.Release|x86.Build.0 = Release|Win32
		{104B03CC-2E73-4F96-9190-CD06B510BFBF}.Debug|Any CPU.ActiveCfg = Debug|Any CPU
		{104B03CC-2E73-4F96-9190-CD06B510BFBF}.Debug|Any CPU.Build.0 = Debug|Any CPU
		{104B03CC-2E73-4F96-9190-CD06B510BFBF}.Debug|ARM.ActiveCfg = Debug|Any CPU
		{104B03CC-2E73-4F96-9190-CD06B510BFBF}.Debug|Mixed Platforms.ActiveCfg = Debug|Any CPU
		{104B03CC-2E73-4F96-9190-CD06B510BFBF}.Debug|Mixed Platforms.Build.0 = Debug|Any CPU
		{104B03CC-2E73-4F96-9190-CD06B510BFBF}.Debug|Win32.ActiveCfg = Debug|Any CPU
		{104B03CC-2E73-4F96-9190-CD06B510BFBF}.Debug|x64.ActiveCfg = Debug|Any CPU
		{104B03CC-2E73-4F96-9190-CD06B510BFBF}.Debug|x86.ActiveCfg = Debug|Any CPU
		{104B03CC-2E73-4F96-9190-CD06B510BFBF}.Release|Any CPU.ActiveCfg = Release|Any CPU
		{104B03CC-2E73-4F96-9190-CD06B510BFBF}.Release|Any CPU.Build.0 = Release|Any CPU
		{104B03CC-2E73-4F96-9190-CD06B510BFBF}.Release|ARM.ActiveCfg = Release|Any CPU
		{104B03CC-2E73-4F96-9190-CD06B510BFBF}.Release|Mixed Platforms.ActiveCfg = Release|Any CPU
		{104B03CC-2E73-4F96-9190-CD06B510BFBF}.Release|Mixed Platforms.Build.0 = Release|Any CPU
		{104B03CC-2E73-4F96-9190-CD06B510BFBF}.Release|Win32.ActiveCfg = Release|Any CPU
		{104B03CC-2E73-4F96-9190-CD06B510BFBF}.Release|x64.ActiveCfg = Release|Any CPU
		{104B03CC-2E73-4F96-9190-CD06B510BFBF}.Release|x86.ActiveCfg = Release|Any CPU
		{436E0162-32CA-45BB-9BC5-EE499F28E151}.Debug|Any CPU.ActiveCfg = Debug|Win32
		{436E0162-32CA-45BB-9BC5-EE499F28E151}.Debug|ARM.ActiveCfg = Debug|Win32
		{436E0162-32CA-45BB-9BC5-EE499F28E151}.Debug|Mixed Platforms.ActiveCfg = Debug|Win32
		{436E0162-32CA-45BB-9BC5-EE499F28E151}.Debug|Mixed Platforms.Build.0 = Debug|Win32
		{436E0162-32CA-45BB-9BC5-EE499F28E151}.Debug|Win32.ActiveCfg = Debug|Win32
		{436E0162-32CA-45BB-9BC5-EE499F28E151}.Debug|Win32.Build.0 = Debug|Win32
		{436E0162-32CA-45BB-9BC5-EE499F28E151}.Debug|x64.ActiveCfg = Debug|Win32
		{436E0162-32CA-45BB-9BC5-EE499F28E151}.Debug|x86.ActiveCfg = Debug|Win32
		{436E0162-32CA-45BB-9BC5-EE499F28E151}.Debug|x86.Build.0 = Debug|Win32
		{436E0162-32CA-45BB-9BC5-EE499F28E151}.Release|Any CPU.ActiveCfg = Release|Win32
		{436E0162-32CA-45BB-9BC5-EE499F28E151}.Release|ARM.ActiveCfg = Release|Win32
		{436E0162-32CA-45BB-9BC5-EE499F28E151}.Release|Mixed Platforms.ActiveCfg = Release|Win32
		{436E0162-32CA-45BB-9BC5-EE499F28E151}.Release|Mixed Platforms.Build.0 = Release|Win32
		{436E0162-32CA-45BB-9BC5-EE499F28E151}.Release|Win32.ActiveCfg = Release|Win32
		{436E0162-32CA-45BB-9BC5-EE499F28E151}.Release|Win32.Build.0 = Release|Win32
		{436E0162-32CA-45BB-9BC5-EE499F28E151}.Release|x64.ActiveCfg = Release|Win32
		{436E0162-32CA-45BB-9BC5-EE499F28E151}.Release|x86.ActiveCfg = Release|Win32
		{436E0162-32CA-45BB-9BC5-EE499F28E151}.Release|x86.Build.0 = Release|Win32
	EndGlobalSection
	GlobalSection(SolutionProperties) = preSolution
		HideSolutionNode = FALSE
	EndGlobalSection
EndGlobal
